// !$*UTF8*$!
{
	archiveVersion = 1;
	classes = {
	};
	objectVersion = 46;
	objects = {

/* Begin PBXBuildFile section */
		0CE1F1BD1AF1CF4D00939473 /* main.c in Sources */ = {isa = PBXBuildFile; fileRef = 0CE1F1BC1AF1CF4D00939473 /* main.c */; };
/* End PBXBuildFile section */

/* Begin PBXCopyFilesBuildPhase section */
		0CE1F1B71AF1CF4D00939473 /* CopyFiles */ = {
			isa = PBXCopyFilesBuildPhase;
			buildActionMask = 2147483647;
			dstPath = /usr/share/man/man1/;
			dstSubfolderSpec = 0;
			files = (
			);
			runOnlyForDeploymentPostprocessing = 1;
		};
/* End PBXCopyFilesBuildPhase section */

/* Begin PBXFileReference section */
		0CE1F1B91AF1CF4D00939473 /* ArtificialEmotionC */ = {isa = PBXFileReference; explicitFileType = "compiled.mach-o.executable"; includeInIndex = 0; path = ArtificialEmotionC; sourceTree = BUILT_PRODUCTS_DIR; };
		0CE1F1BC1AF1CF4D00939473 /* main.c */ = {isa = PBXFileReference; lastKnownFileType = sourcecode.c.c; path = main.c; sourceTree = "<group>"; };
		0CF9A16A1AF901B900731C3F /* emotion.h */ = {isa = PBXFileReference; lastKnownFileType = sourcecode.c.h; path = emotion.h; sourceTree = "<group>"; };
/* End PBXFileReference section */

/* Begin PBXFrameworksBuildPhase section */
		0CE1F1B61AF1CF4D00939473 /* Frameworks */ = {
			isa = PBXFrameworksBuildPhase;
			buildActionMask = 2147483647;
			files = (
			);
			runOnlyForDeploymentPostprocessing = 0;
		};
/* End PBXFrameworksBuildPhase section */

/* Begin PBXGroup section */
		0CE1F1B01AF1CF4D00939473 = {
			isa = PBXGroup;
			children = (
				0CE1F1BB1AF1CF4D00939473 /* ArtificialEmotionC */,
				0CE1F1BA1AF1CF4D00939473 /* Products */,
			);
			sourceTree = "<group>";
		};
		0CE1F1BA1AF1CF4D00939473 /* Products */ = {
			isa = PBXGroup;
			children = (
				0CE1F1B91AF1CF4D00939473 /* ArtificialEmotionC */,
			);
			name = Products;
			sourceTree = "<group>";
		};
		0CE1F1BB1AF1CF4D00939473 /* ArtificialEmotionC */ = {
			isa = PBXGroup;
			children = (
				0CE1F1BC1AF1CF4D00939473 /* main.c */,
				0CF9A16A1AF901B900731C3F /* emotion.h */,
			);
			path = ArtificialEmotionC;
			sourceTree = "<group>";
		};
/* End PBXGroup section */

/* Begin PBXNativeTarget section */
		0CE1F1B81AF1CF4D00939473 /* ArtificialEmotionC */ = {
			isa = PBXNativeTarget;
			buildConfigurationList = 0CE1F1C01AF1CF4D00939473 /* Build configuration list for PBXNativeTarget "ArtificialEmotionC" */;
			buildPhases = (
				0CE1F1B51AF1CF4D00939473 /* Sources */,
				0CE1F1B61AF1CF4D00939473 /* Frameworks */,
				0CE1F1B71AF1CF4D00939473 /* CopyFiles */,
			);
			buildRules = (
			);
			dependencies = (
			);
			name = ArtificialEmotionC;
			productName = ArtificialEmotionC;
			productReference = 0CE1F1B91AF1CF4D00939473 /* ArtificialEmotionC */;
			productType = "com.apple.product-type.tool";
		};
/* End PBXNativeTarget section */

/* Begin PBXProject section */
		0CE1F1B11AF1CF4D00939473 /* Project object */ = {
			isa = PBXProject;
			attributes = {
				LastUpgradeCheck = 0630;
				ORGANIZATIONNAME = "Zane Lassiter";
				TargetAttributes = {
					0CE1F1B81AF1CF4D00939473 = {
						CreatedOnToolsVersion = 6.3.1;
					};
				};
			};
			buildConfigurationList = 0CE1F1B41AF1CF4D00939473 /* Build configuration list for PBXProject "ArtificialEmotionC" */;
			compatibilityVersion = "Xcode 3.2";
			developmentRegion = English;
			hasScannedForEncodings = 0;
			knownRegions = (
				en,
			);
			mainGroup = 0CE1F1B01AF1CF4D00939473;
			productRefGroup = 0CE1F1BA1AF1CF4D00939473 /* Products */;
			projectDirPath = "";
			projectRoot = "";
			targets = (
				0CE1F1B81AF1CF4D00939473 /* ArtificialEmotionC */,
			);
		};
/* End PBXProject section */

/* Begin PBXSourcesBuildPhase section */
		0CE1F1B51AF1CF4D00939473 /* Sources */ = {
			isa = PBXSourcesBuildPhase;
			buildActionMask = 2147483647;
			files = (
				0CE1F1BD1AF1CF4D00939473 /* main.c in Sources */,
			);
			runOnlyForDeploymentPostprocessing = 0;
		};
/* End PBXSourcesBuildPhase section */

/* Begin XCBuildConfiguration section */
		0CE1F1BE1AF1CF4D00939473 /* Debug */ = {
			isa = XCBuildConfiguration;
			buildSettings = {
				ALWAYS_SEARCH_USER_PATHS = NO;
				CLANG_CXX_LANGUAGE_STANDARD = "gnu++0x";
				CLANG_CXX_LIBRARY = "libc++";
				CLANG_ENABLE_MODULES = YES;
				CLANG_ENABLE_OBJC_ARC = YES;
				CLANG_WARN_BOOL_CONVERSION = YES;
				CLANG_WARN_CONSTANT_CONVERSION = YES;
				CLANG_WARN_DIRECT_OBJC_ISA_USAGE = YES_ERROR;
				CLANG_WARN_EMPTY_BODY = YES;
				CLANG_WARN_ENUM_CONVERSION = YES;
				CLANG_WARN_INT_CONVERSION = YES;
				CLANG_WARN_OBJC_ROOT_CLASS = YES_ERROR;
				CLANG_WARN_UNREACHABLE_CODE = YES;
				CLANG_WARN__DUPLICATE_METHOD_MATCH = YES;
				COPY_PHASE_STRIP = NO;
				DEBUG_INFORMATION_FORMAT = dwarf;
				ENABLE_STRICT_OBJC_MSGSEND = YES;
				GCC_C_LANGUAGE_STANDARD = gnu99;
				GCC_DYNAMIC_NO_PIC = NO;
				GCC_NO_COMMON_BLOCKS = YES;
				GCC_OPTIMIZATION_LEVEL = 0;
				GCC_PREPROCESSOR_DEFINITIONS = (
					"DEBUG=1",
					"$(inherited)",
				);
				GCC_SYMBOLS_PRIVATE_EXTERN = NO;
				GCC_WARN_64_TO_32_BIT_CONVERSION = YES;
				GCC_WARN_ABOUT_RETURN_TYPE = YES_ERROR;
				GCC_WARN_UNDECLARED_SELECTOR = YES;
				GCC_WARN_UNINITIALIZED_AUTOS = YES_AGGRESSIVE;
				GCC_WARN_UNUSED_FUNCTION = YES;
				GCC_WARN_UNUSED_VARIABLE = YES;
				MACOSX_DEPLOYMENT_TARGET = 10.10;
				MTL_ENABLE_DEBUG_INFO = YES;
				ONLY_ACTIVE_ARCH = YES;
				SDKROOT = macosx;
			};
			name = Debug;
		};
		0CE1F1BF1AF1CF4D00939473 /* Release */ = {
			isa = XCBuildConfiguration;
			buildSettings = {
				ALWAYS_SEARCH_USER_PATHS = NO;
				CLANG_CXX_LANGUAGE_STANDARD = "gnu++0x";
				CLANG_CXX_LIBRARY = "libc++";
				CLANG_ENABLE_MODULES = YES;
				CLANG_ENABLE_OBJC_ARC = YES;
				CLANG_WARN_BOOL_CONVERSION = YES;
				CLANG_WARN_CONSTANT_CONVERSION = YES;
				CLANG_WARN_DIRECT_OBJC_ISA_USAGE = YES_ERROR;
				CLANG_WARN_EMPTY_BODY = YES;
				CLANG_WARN_ENUM_CONVERSION = YES;
				CLANG_WARN_INT_CONVERSION = YES;
				CLANG_WARN_OBJC_ROOT_CLASS = YES_ERROR;
				CLANG_WARN_UNREACHABLE_CODE = YES;
				CLANG_WARN__DUPLICATE_METHOD_MATCH = YES;
				COPY_PHASE_STRIP = NO;
				DEBUG_INFORMATION_FORMAT = "dwarf-with-dsym";
				ENABLE_NS_ASSERTIONS = NO;
				ENABLE_STRICT_OBJC_MSGSEND = YES;
				GCC_C_LANGUAGE_STANDARD = gnu99;
				GCC_NO_COMMON_BLOCKS = YES;
				GCC_WARN_64_TO_32_BIT_CONVERSION = YES;
				GCC_WARN_ABOUT_RETURN_TYPE = YES_ERROR;
				GCC_WARN_UNDECLARED_SELECTOR = YES;
				GCC_WARN_UNINITIALIZED_AUTOS = YES_AGGRESSIVE;
				GCC_WARN_UNUSED_FUNCTION = YES;
				GCC_WARN_UNUSED_VARIABLE = YES;
				MACOSX_DEPLOYMENT_TARGET = 10.10;
				MTL_ENABLE_DEBUG_INFO = NO;
				SDKROOT = macosx;
			};
			name = Release;
		};
		0CE1F1C11AF1CF4D00939473 /* Debug */ = {
			isa = XCBuildConfiguration;
			buildSettings = {
				PRODUCT_NAME = "$(TARGET_NAME)";
			};
			name = Debug;
		};
		0CE1F1C21AF1CF4D00939473 /* Release */ = {
			isa = XCBuildConfiguration;
			buildSettings = {
				PRODUCT_NAME = "$(TARGET_NAME)";
			};
			name = Release;
		};
/* End XCBuildConfiguration section */

/* Begin XCConfigurationList section */
		0CE1F1B41AF1CF4D00939473 /* Build configuration list for PBXProject "ArtificialEmotionC" */ = {
			isa = XCConfigurationList;
			buildConfigurations = (
				0CE1F1BE1AF1CF4D00939473 /* Debug */,
				0CE1F1BF1AF1CF4D00939473 /* Release */,
			);
			defaultConfigurationIsVisible = 0;
			defaultConfigurationName = Release;
		};
		0CE1F1C01AF1CF4D00939473 /* Build configuration list for PBXNativeTarget "ArtificialEmotionC" */ = {
			isa = XCConfigurationList;
			buildConfigurations = (
				0CE1F1C11AF1CF4D00939473 /* Debug */,
				0CE1F1C21AF1CF4D00939473 /* Release */,
			);
			defaultConfigurationIsVisible = 0;
			defaultConfigurationName = Release;
		};
/* End XCConfigurationList section */
	};
	rootObject = 0CE1F1B11AF1CF4D00939473 /* Project object */;
}
